// !$*UTF8*$!
{
	archiveVersion = 1;
	classes = {
	};
	objectVersion = 56;
	objects = {

/* Begin PBXBuildFile section */
		57A06F3B2A94235100E87C96 /* AppDelegate.swift in Sources */ = {isa = PBXBuildFile; fileRef = 57A06F3A2A94235100E87C96 /* AppDelegate.swift */; };
		57A06F3D2A94235100E87C96 /* SceneDelegate.swift in Sources */ = {isa = PBXBuildFile; fileRef = 57A06F3C2A94235100E87C96 /* SceneDelegate.swift */; };
		57A06F3F2A94235100E87C96 /* ViewController.swift in Sources */ = {isa = PBXBuildFile; fileRef = 57A06F3E2A94235100E87C96 /* ViewController.swift */; };
		57A06F422A94235100E87C96 /* Main.storyboard in Resources */ = {isa = PBXBuildFile; fileRef = 57A06F402A94235100E87C96 /* Main.storyboard */; };
		57A06F442A94235300E87C96 /* Assets.xcassets in Resources */ = {isa = PBXBuildFile; fileRef = 57A06F432A94235300E87C96 /* Assets.xcassets */; };
		57A06F472A94235300E87C96 /* LaunchScreen.storyboard in Resources */ = {isa = PBXBuildFile; fileRef = 57A06F452A94235300E87C96 /* LaunchScreen.storyboard */; };
		57A06F522A94235300E87C96 /* AppIosTests.swift in Sources */ = {isa = PBXBuildFile; fileRef = 57A06F512A94235300E87C96 /* AppIosTests.swift */; };
		57A06F5C2A94235300E87C96 /* AppIosUITests.swift in Sources */ = {isa = PBXBuildFile; fileRef = 57A06F5B2A94235300E87C96 /* AppIosUITests.swift */; };
		57A06F5E2A94235300E87C96 /* AppIosUITestsLaunchTests.swift in Sources */ = {isa = PBXBuildFile; fileRef = 57A06F5D2A94235300E87C96 /* AppIosUITestsLaunchTests.swift */; };
/* End PBXBuildFile section */

/* Begin PBXContainerItemProxy section */
		57A06F4E2A94235300E87C96 /* PBXContainerItemProxy */ = {
			isa = PBXContainerItemProxy;
			containerPortal = 57A06F2F2A94235100E87C96 /* Project object */;
			proxyType = 1;
			remoteGlobalIDString = 57A06F362A94235100E87C96;
			remoteInfo = AppIos;
		};
		57A06F582A94235300E87C96 /* PBXContainerItemProxy */ = {
			isa = PBXContainerItemProxy;
			containerPortal = 57A06F2F2A94235100E87C96 /* Project object */;
			proxyType = 1;
			remoteGlobalIDString = 57A06F362A94235100E87C96;
			remoteInfo = AppIos;
		};
/* End PBXContainerItemProxy section */

/* Begin PBXFileReference section */
		57A06F372A94235100E87C96 /* AppIos.app */ = {isa = PBXFileReference; explicitFileType = wrapper.application; includeInIndex = 0; path = AppIos.app; sourceTree = BUILT_PRODUCTS_DIR; };
		57A06F3A2A94235100E87C96 /* AppDelegate.swift */ = {isa = PBXFileReference; lastKnownFileType = sourcecode.swift; path = AppDelegate.swift; sourceTree = "<group>"; };
		57A06F3C2A94235100E87C96 /* SceneDelegate.swift */ = {isa = PBXFileReference; lastKnownFileType = sourcecode.swift; path = SceneDelegate.swift; sourceTree = "<group>"; };
		57A06F3E2A94235100E87C96 /* ViewController.swift */ = {isa = PBXFileReference; lastKnownFileType = sourcecode.swift; path = ViewController.swift; sourceTree = "<group>"; };
		57A06F412A94235100E87C96 /* Base */ = {isa = PBXFileReference; lastKnownFileType = file.storyboard; name = Base; path = Base.lproj/Main.storyboard; sourceTree = "<group>"; };
		57A06F432A94235300E87C96 /* Assets.xcassets */ = {isa = PBXFileReference; lastKnownFileType = folder.assetcatalog; path = Assets.xcassets; sourceTree = "<group>"; };
		57A06F462A94235300E87C96 /* Base */ = {isa = PBXFileReference; lastKnownFileType = file.storyboard; name = Base; path = Base.lproj/LaunchScreen.storyboard; sourceTree = "<group>"; };
		57A06F482A94235300E87C96 /* Info.plist */ = {isa = PBXFileReference; lastKnownFileType = text.plist.xml; path = Info.plist; sourceTree = "<group>"; };
		57A06F4D2A94235300E87C96 /* AppIosTests.xctest */ = {isa = PBXFileReference; explicitFileType = wrapper.cfbundle; includeInIndex = 0; path = AppIosTests.xctest; sourceTree = BUILT_PRODUCTS_DIR; };
		57A06F512A94235300E87C96 /* AppIosTests.swift */ = {isa = PBXFileReference; lastKnownFileType = sourcecode.swift; path = AppIosTests.swift; sourceTree = "<group>"; };
		57A06F572A94235300E87C96 /* AppIosUITests.xctest */ = {isa = PBXFileReference; explicitFileType = wrapper.cfbundle; includeInIndex = 0; path = AppIosUITests.xctest; sourceTree = BUILT_PRODUCTS_DIR; };
		57A06F5B2A94235300E87C96 /* AppIosUITests.swift */ = {isa = PBXFileReference; lastKnownFileType = sourcecode.swift; path = AppIosUITests.swift; sourceTree = "<group>"; };
		57A06F5D2A94235300E87C96 /* AppIosUITestsLaunchTests.swift */ = {isa = PBXFileReference; lastKnownFileType = sourcecode.swift; path = AppIosUITestsLaunchTests.swift; sourceTree = "<group>"; };
/* End PBXFileReference section */

/* Begin PBXFrameworksBuildPhase section */
		57A06F342A94235100E87C96 /* Frameworks */ = {
			isa = PBXFrameworksBuildPhase;
			buildActionMask = 2147483647;
			files = (
			);
			runOnlyForDeploymentPostprocessing = 0;
		};
		57A06F4A2A94235300E87C96 /* Frameworks */ = {
			isa = PBXFrameworksBuildPhase;
			buildActionMask = 2147483647;
			files = (
			);
			runOnlyForDeploymentPostprocessing = 0;
		};
		57A06F542A94235300E87C96 /* Frameworks */ = {
			isa = PBXFrameworksBuildPhase;
			buildActionMask = 2147483647;
			files = (
			);
			runOnlyForDeploymentPostprocessing = 0;
		};
/* End PBXFrameworksBuildPhase section */

/* Begin PBXGroup section */
		57A06F2E2A94235100E87C96 = {
			isa = PBXGroup;
			children = (
				57A06F392A94235100E87C96 /* AppIos */,
				57A06F502A94235300E87C96 /* AppIosTests */,
				57A06F5A2A94235300E87C96 /* AppIosUITests */,
				57A06F382A94235100E87C96 /* Products */,
			);
			sourceTree = "<group>";
		};
		57A06F382A94235100E87C96 /* Products */ = {
			isa = PBXGroup;
			children = (
				57A06F372A94235100E87C96 /* AppIos.app */,
				57A06F4D2A94235300E87C96 /* AppIosTests.xctest */,
				57A06F572A94235300E87C96 /* AppIosUITests.xctest */,
			);
			name = Products;
			sourceTree = "<group>";
		};
		57A06F392A94235100E87C96 /* AppIos */ = {
			isa = PBXGroup;
			children = (
				57A06F3A2A94235100E87C96 /* AppDelegate.swift */,
				57A06F3C2A94235100E87C96 /* SceneDelegate.swift */,
				57A06F3E2A94235100E87C96 /* ViewController.swift */,
				57A06F402A94235100E87C96 /* Main.storyboard */,
				57A06F432A94235300E87C96 /* Assets.xcassets */,
				57A06F452A94235300E87C96 /* LaunchScreen.storyboard */,
				57A06F482A94235300E87C96 /* Info.plist */,
			);
			path = AppIos;
			sourceTree = "<group>";
		};
		57A06F502A94235300E87C96 /* AppIosTests */ = {
			isa = PBXGroup;
			children = (
				57A06F512A94235300E87C96 /* AppIosTests.swift */,
			);
			path = AppIosTests;
			sourceTree = "<group>";
		};
		57A06F5A2A94235300E87C96 /* AppIosUITests */ = {
			isa = PBXGroup;
			children = (
				57A06F5B2A94235300E87C96 /* AppIosUITests.swift */,
				57A06F5D2A94235300E87C96 /* AppIosUITestsLaunchTests.swift */,
			);
			path = AppIosUITests;
			sourceTree = "<group>";
		};
/* End PBXGroup section */

/* Begin PBXNativeTarget section */
		57A06F362A94235100E87C96 /* AppIos */ = {
			isa = PBXNativeTarget;
			buildConfigurationList = 57A06F612A94235300E87C96 /* Build configuration list for PBXNativeTarget "AppIos" */;
			buildPhases = (
				57A06F332A94235100E87C96 /* Sources */,
				57A06F342A94235100E87C96 /* Frameworks */,
				57A06F352A94235100E87C96 /* Resources */,
			);
			buildRules = (
			);
			dependencies = (
			);
			name = AppIos;
			productName = AppIos;
			productReference = 57A06F372A94235100E87C96 /* AppIos.app */;
			productType = "com.apple.product-type.application";
		};
		57A06F4C2A94235300E87C96 /* AppIosTests */ = {
			isa = PBXNativeTarget;
			buildConfigurationList = 57A06F642A94235300E87C96 /* Build configuration list for PBXNativeTarget "AppIosTests" */;
			buildPhases = (
				57A06F492A94235300E87C96 /* Sources */,
				57A06F4A2A94235300E87C96 /* Frameworks */,
				57A06F4B2A94235300E87C96 /* Resources */,
			);
			buildRules = (
			);
			dependencies = (
				57A06F4F2A94235300E87C96 /* PBXTargetDependency */,
			);
			name = AppIosTests;
			productName = AppIosTests;
			productReference = 57A06F4D2A94235300E87C96 /* AppIosTests.xctest */;
			productType = "com.apple.product-type.bundle.unit-test";
		};
		57A06F562A94235300E87C96 /* AppIosUITests */ = {
			isa = PBXNativeTarget;
			buildConfigurationList = 57A06F672A94235300E87C96 /* Build configuration list for PBXNativeTarget "AppIosUITests" */;
			buildPhases = (
				57A06F532A94235300E87C96 /* Sources */,
				57A06F542A94235300E87C96 /* Frameworks */,
				57A06F552A94235300E87C96 /* Resources */,
			);
			buildRules = (
			);
			dependencies = (
				57A06F592A94235300E87C96 /* PBXTargetDependency */,
			);
			name = AppIosUITests;
			productName = AppIosUITests;
			productReference = 57A06F572A94235300E87C96 /* AppIosUITests.xctest */;
			productType = "com.apple.product-type.bundle.ui-testing";
		};
/* End PBXNativeTarget section */

/* Begin PBXProject section */
		57A06F2F2A94235100E87C96 /* Project object */ = {
			isa = PBXProject;
			attributes = {
				BuildIndependentTargetsInParallel = 1;
				LastSwiftUpdateCheck = 1430;
				LastUpgradeCheck = 1430;
				TargetAttributes = {
					57A06F362A94235100E87C96 = {
						CreatedOnToolsVersion = 14.3.1;
					};
					57A06F4C2A94235300E87C96 = {
						CreatedOnToolsVersion = 14.3.1;
						TestTargetID = 57A06F362A94235100E87C96;
					};
					57A06F562A94235300E87C96 = {
						CreatedOnToolsVersion = 14.3.1;
						TestTargetID = 57A06F362A94235100E87C96;
					};
				};
			};
			buildConfigurationList = 57A06F322A94235100E87C96 /* Build configuration list for PBXProject "AppIos" */;
			compatibilityVersion = "Xcode 14.0";
			developmentRegion = en;
			hasScannedForEncodings = 0;
			knownRegions = (
				en,
				Base,
			);
			mainGroup = 57A06F2E2A94235100E87C96;
			productRefGroup = 57A06F382A94235100E87C96 /* Products */;
			projectDirPath = "";
			projectRoot = "";
			targets = (
				57A06F362A94235100E87C96 /* AppIos */,
				57A06F4C2A94235300E87C96 /* AppIosTests */,
				57A06F562A94235300E87C96 /* AppIosUITests */,
			);
		};
/* End PBXProject section */

/* Begin PBXResourcesBuildPhase section */
		57A06F352A94235100E87C96 /* Resources */ = {
			isa = PBXResourcesBuildPhase;
			buildActionMask = 2147483647;
			files = (
				57A06F472A94235300E87C96 /* LaunchScreen.storyboard in Resources */,
				57A06F442A94235300E87C96 /* Assets.xcassets in Resources */,
				57A06F422A94235100E87C96 /* Main.storyboard in Resources */,
			);
			runOnlyForDeploymentPostprocessing = 0;
		};
		57A06F4B2A94235300E87C96 /* Resources */ = {
			isa = PBXResourcesBuildPhase;
			buildActionMask = 2147483647;
			files = (
			);
			runOnlyForDeploymentPostprocessing = 0;
		};
		57A06F552A94235300E87C96 /* Resources */ = {
			isa = PBXResourcesBuildPhase;
			buildActionMask = 2147483647;
			files = (
			);
			runOnlyForDeploymentPostprocessing = 0;
		};
/* End PBXResourcesBuildPhase section */

/* Begin PBXSourcesBuildPhase section */
		57A06F332A94235100E87C96 /* Sources */ = {
			isa = PBXSourcesBuildPhase;
			buildActionMask = 2147483647;
			files = (
				57A06F3F2A94235100E87C96 /* ViewController.swift in Sources */,
				57A06F3B2A94235100E87C96 /* AppDelegate.swift in Sources */,
				57A06F3D2A94235100E87C96 /* SceneDelegate.swift in Sources */,
			);
			runOnlyForDeploymentPostprocessing = 0;
		};
		57A06F492A94235300E87C96 /* Sources */ = {
			isa = PBXSourcesBuildPhase;
			buildActionMask = 2147483647;
			files = (
				57A06F522A94235300E87C96 /* AppIosTests.swift in Sources */,
			);
			runOnlyForDeploymentPostprocessing = 0;
		};
		57A06F532A94235300E87C96 /* Sources */ = {
			isa = PBXSourcesBuildPhase;
			buildActionMask = 2147483647;
			files = (
				57A06F5E2A94235300E87C96 /* AppIosUITestsLaunchTests.swift in Sources */,
				57A06F5C2A94235300E87C96 /* AppIosUITests.swift in Sources */,
			);
			runOnlyForDeploymentPostprocessing = 0;
		};
/* End PBXSourcesBuildPhase section */

/* Begin PBXTargetDependency section */
		57A06F4F2A94235300E87C96 /* PBXTargetDependency */ = {
			isa = PBXTargetDependency;
			target = 57A06F362A94235100E87C96 /* AppIos */;
			targetProxy = 57A06F4E2A94235300E87C96 /* PBXContainerItemProxy */;
		};
		57A06F592A94235300E87C96 /* PBXTargetDependency */ = {
			isa = PBXTargetDependency;
			target = 57A06F362A94235100E87C96 /* AppIos */;
			targetProxy = 57A06F582A94235300E87C96 /* PBXContainerItemProxy */;
		};
/* End PBXTargetDependency section */

/* Begin PBXVariantGroup section */
		57A06F402A94235100E87C96 /* Main.storyboard */ = {
			isa = PBXVariantGroup;
			children = (
				57A06F412A94235100E87C96 /* Base */,
			);
			name = Main.storyboard;
			sourceTree = "<group>";
		};
		57A06F452A94235300E87C96 /* LaunchScreen.storyboard */ = {
			isa = PBXVariantGroup;
			children = (
				57A06F462A94235300E87C96 /* Base */,
			);
			name = LaunchScreen.storyboard;
			sourceTree = "<group>";
		};
/* End PBXVariantGroup section */

/* Begin XCBuildConfiguration section */
		57A06F5F2A94235300E87C96 /* Debug */ = {
			isa = XCBuildConfiguration;
			buildSettings = {
				ALWAYS_SEARCH_USER_PATHS = NO;
				CLANG_ANALYZER_NONNULL = YES;
				CLANG_ANALYZER_NUMBER_OBJECT_CONVERSION = YES_AGGRESSIVE;
				CLANG_CXX_LANGUAGE_STANDARD = "gnu++20";
				CLANG_ENABLE_MODULES = YES;
				CLANG_ENABLE_OBJC_ARC = YES;
				CLANG_ENABLE_OBJC_WEAK = YES;
				CLANG_WARN_BLOCK_CAPTURE_AUTORELEASING = YES;
				CLANG_WARN_BOOL_CONVERSION = YES;
				CLANG_WARN_COMMA = YES;
				CLANG_WARN_CONSTANT_CONVERSION = YES;
				CLANG_WARN_DEPRECATED_OBJC_IMPLEMENTATIONS = YES;
				CLANG_WARN_DIRECT_OBJC_ISA_USAGE = YES_ERROR;
				CLANG_WARN_DOCUMENTATION_COMMENTS = YES;
				CLANG_WARN_EMPTY_BODY = YES;
				CLANG_WARN_ENUM_CONVERSION = YES;
				CLANG_WARN_INFINITE_RECURSION = YES;
				CLANG_WARN_INT_CONVERSION = YES;
				CLANG_WARN_NON_LITERAL_NULL_CONVERSION = YES;
				CLANG_WARN_OBJC_IMPLICIT_RETAIN_SELF = YES;
				CLANG_WARN_OBJC_LITERAL_CONVERSION = YES;
				CLANG_WARN_OBJC_ROOT_CLASS = YES_ERROR;
				CLANG_WARN_QUOTED_INCLUDE_IN_FRAMEWORK_HEADER = YES;
				CLANG_WARN_RANGE_LOOP_ANALYSIS = YES;
				CLANG_WARN_STRICT_PROTOTYPES = YES;
				CLANG_WARN_SUSPICIOUS_MOVE = YES;
				CLANG_WARN_UNGUARDED_AVAILABILITY = YES_AGGRESSIVE;
				CLANG_WARN_UNREACHABLE_CODE = YES;
				CLANG_WARN__DUPLICATE_METHOD_MATCH = YES;
				COPY_PHASE_STRIP = NO;
				DEBUG_INFORMATION_FORMAT = dwarf;
				ENABLE_STRICT_OBJC_MSGSEND = YES;
				ENABLE_TESTABILITY = YES;
				GCC_C_LANGUAGE_STANDARD = gnu11;
				GCC_DYNAMIC_NO_PIC = NO;
				GCC_NO_COMMON_BLOCKS = YES;
				GCC_OPTIMIZATION_LEVEL = 0;
				GCC_PREPROCESSOR_DEFINITIONS = (
					"DEBUG=1",
					"$(inherited)",
				);
				GCC_WARN_64_TO_32_BIT_CONVERSION = YES;
				GCC_WARN_ABOUT_RETURN_TYPE = YES_ERROR;
				GCC_WARN_UNDECLARED_SELECTOR = YES;
				GCC_WARN_UNINITIALIZED_AUTOS = YES_AGGRESSIVE;
				GCC_WARN_UNUSED_FUNCTION = YES;
				GCC_WARN_UNUSED_VARIABLE = YES;
				IPHONEOS_DEPLOYMENT_TARGET = 16.4;
				MTL_ENABLE_DEBUG_INFO = INCLUDE_SOURCE;
				MTL_FAST_MATH = YES;
				ONLY_ACTIVE_ARCH = YES;
				SDKROOT = iphoneos;
				SWIFT_ACTIVE_COMPILATION_CONDITIONS = DEBUG;
				SWIFT_OPTIMIZATION_LEVEL = "-Onone";
			};
			name = Debug;
		};
		57A06F602A94235300E87C96 /* Release */ = {
			isa = XCBuildConfiguration;
			buildSettings = {
				ALWAYS_SEARCH_USER_PATHS = NO;
				CLANG_ANALYZER_NONNULL = YES;
				CLANG_ANALYZER_NUMBER_OBJECT_CONVERSION = YES_AGGRESSIVE;
				CLANG_CXX_LANGUAGE_STANDARD = "gnu++20";
				CLANG_ENABLE_MODULES = YES;
				CLANG_ENABLE_OBJC_ARC = YES;
				CLANG_ENABLE_OBJC_WEAK = YES;
				CLANG_WARN_BLOCK_CAPTURE_AUTORELEASING = YES;
				CLANG_WARN_BOOL_CONVERSION = YES;
				CLANG_WARN_COMMA = YES;
				CLANG_WARN_CONSTANT_CONVERSION = YES;
				CLANG_WARN_DEPRECATED_OBJC_IMPLEMENTATIONS = YES;
				CLANG_WARN_DIRECT_OBJC_ISA_USAGE = YES_ERROR;
				CLANG_WARN_DOCUMENTATION_COMMENTS = YES;
				CLANG_WARN_EMPTY_BODY = YES;
				CLANG_WARN_ENUM_CONVERSION = YES;
				CLANG_WARN_INFINITE_RECURSION = YES;
				CLANG_WARN_INT_CONVERSION = YES;
				CLANG_WARN_NON_LITERAL_NULL_CONVERSION = YES;
				CLANG_WARN_OBJC_IMPLICIT_RETAIN_SELF = YES;
				CLANG_WARN_OBJC_LITERAL_CONVERSION = YES;
				CLANG_WARN_OBJC_ROOT_CLASS = YES_ERROR;
				CLANG_WARN_QUOTED_INCLUDE_IN_FRAMEWORK_HEADER = YES;
				CLANG_WARN_RANGE_LOOP_ANALYSIS = YES;
				CLANG_WARN_STRICT_PROTOTYPES = YES;
				CLANG_WARN_SUSPICIOUS_MOVE = YES;
				CLANG_WARN_UNGUARDED_AVAILABILITY = YES_AGGRESSIVE;
				CLANG_WARN_UNREACHABLE_CODE = YES;
				CLANG_WARN__DUPLICATE_METHOD_MATCH = YES;
				COPY_PHASE_STRIP = NO;
				DEBUG_INFORMATION_FORMAT = "dwarf-with-dsym";
				ENABLE_NS_ASSERTIONS = NO;
				ENABLE_STRICT_OBJC_MSGSEND = YES;
				GCC_C_LANGUAGE_STANDARD = gnu11;
				GCC_NO_COMMON_BLOCKS = YES;
				GCC_WARN_64_TO_32_BIT_CONVERSION = YES;
				GCC_WARN_ABOUT_RETURN_TYPE = YES_ERROR;
				GCC_WARN_UNDECLARED_SELECTOR = YES;
				GCC_WARN_UNINITIALIZED_AUTOS = YES_AGGRESSIVE;
				GCC_WARN_UNUSED_FUNCTION = YES;
				GCC_WARN_UNUSED_VARIABLE = YES;
				IPHONEOS_DEPLOYMENT_TARGET = 16.4;
				MTL_ENABLE_DEBUG_INFO = NO;
				MTL_FAST_MATH = YES;
				SDKROOT = iphoneos;
				SWIFT_COMPILATION_MODE = wholemodule;
				SWIFT_OPTIMIZATION_LEVEL = "-O";
				VALIDATE_PRODUCT = YES;
			};
			name = Release;
		};
		57A06F622A94235300E87C96 /* Debug */ = {
			isa = XCBuildConfiguration;
			buildSettings = {
				ASSETCATALOG_COMPILER_APPICON_NAME = AppIcon;
				ASSETCATALOG_COMPILER_GLOBAL_ACCENT_COLOR_NAME = AccentColor;
				CODE_SIGN_STYLE = Automatic;
				CURRENT_PROJECT_VERSION = 1;
				GENERATE_INFOPLIST_FILE = YES;
				INFOPLIST_FILE = AppIos/Info.plist;
				INFOPLIST_KEY_UIApplicationSupportsIndirectInputEvents = YES;
				INFOPLIST_KEY_UILaunchStoryboardName = LaunchScreen;
				INFOPLIST_KEY_UIMainStoryboardFile = Main;
				INFOPLIST_KEY_UISupportedInterfaceOrientations_iPad = "UIInterfaceOrientationPortrait UIInterfaceOrientationPortraitUpsideDown UIInterfaceOrientationLandscapeLeft UIInterfaceOrientationLandscapeRight";
				INFOPLIST_KEY_UISupportedInterfaceOrientations_iPhone = "UIInterfaceOrientationPortrait UIInterfaceOrientationLandscapeLeft UIInterfaceOrientationLandscapeRight";
				LD_RUNPATH_SEARCH_PATHS = (
					"$(inherited)",
					"@executable_path/Frameworks",
				);
				MARKETING_VERSION = 1.0;
				PRODUCT_BUNDLE_IDENTIFIER = App.AppIos;
				PRODUCT_NAME = "$(TARGET_NAME)";
				SWIFT_EMIT_LOC_STRINGS = YES;
				SWIFT_VERSION = 5.0;
				TARGETED_DEVICE_FAMILY = "1,2";
			};
			name = Debug;
		};
		57A06F632A94235300E87C96 /* Release */ = {
			isa = XCBuildConfiguration;
			buildSettings = {
				ASSETCATALOG_COMPILER_APPICON_NAME = AppIcon;
				ASSETCATALOG_COMPILER_GLOBAL_ACCENT_COLOR_NAME = AccentColor;
				CODE_SIGN_STYLE = Automatic;
				CURRENT_PROJECT_VERSION = 1;
				GENERATE_INFOPLIST_FILE = YES;
				INFOPLIST_FILE = AppIos/Info.plist;
				INFOPLIST_KEY_UIApplicationSupportsIndirectInputEvents = YES;
				INFOPLIST_KEY_UILaunchStoryboardName = LaunchScreen;
				INFOPLIST_KEY_UIMainStoryboardFile = Main;
				INFOPLIST_KEY_UISupportedInterfaceOrientations_iPad = "UIInterfaceOrientationPortrait UIInterfaceOrientationPortraitUpsideDown UIInterfaceOrientationLandscapeLeft UIInterfaceOrientationLandscapeRight";
				INFOPLIST_KEY_UISupportedInterfaceOrientations_iPhone = "UIInterfaceOrientationPortrait UIInterfaceOrientationLandscapeLeft UIInterfaceOrientationLandscapeRight";
				LD_RUNPATH_SEARCH_PATHS = (
					"$(inherited)",
					"@executable_path/Frameworks",
				);
				MARKETING_VERSION = 1.0;
				PRODUCT_BUNDLE_IDENTIFIER = App.AppIos;
				PRODUCT_NAME = "$(TARGET_NAME)";
				SWIFT_EMIT_LOC_STRINGS = YES;
				SWIFT_VERSION = 5.0;
				TARGETED_DEVICE_FAMILY = "1,2";
			};
			name = Release;
		};
		57A06F652A94235300E87C96 /* Debug */ = {
			isa = XCBuildConfiguration;
			buildSettings = {
				ALWAYS_EMBED_SWIFT_STANDARD_LIBRARIES = YES;
				BUNDLE_LOADER = "$(TEST_HOST)";
				CODE_SIGN_STYLE = Automatic;
				CURRENT_PROJECT_VERSION = 1;
				GENERATE_INFOPLIST_FILE = YES;
				IPHONEOS_DEPLOYMENT_TARGET = 16.4;
				MARKETING_VERSION = 1.0;
				PRODUCT_BUNDLE_IDENTIFIER = App.AppIosTests;
				PRODUCT_NAME = "$(TARGET_NAME)";
				SWIFT_EMIT_LOC_STRINGS = NO;
				SWIFT_VERSION = 5.0;
				TARGETED_DEVICE_FAMILY = "1,2";
				TEST_HOST = "$(BUILT_PRODUCTS_DIR)/AppIos.app/$(BUNDLE_EXECUTABLE_FOLDER_PATH)/AppIos";
			};
			name = Debug;
		};
		57A06F662A94235300E87C96 /* Release */ = {
			isa = XCBuildConfiguration;
			buildSettings = {
				ALWAYS_EMBED_SWIFT_STANDARD_LIBRARIES = YES;
				BUNDLE_LOADER = "$(TEST_HOST)";
				CODE_SIGN_STYLE = Automatic;
				CURRENT_PROJECT_VERSION = 1;
				GENERATE_INFOPLIST_FILE = YES;
				IPHONEOS_DEPLOYMENT_TARGET = 16.4;
				MARKETING_VERSION = 1.0;
				PRODUCT_BUNDLE_IDENTIFIER = App.AppIosTests;
				PRODUCT_NAME = "$(TARGET_NAME)";
				SWIFT_EMIT_LOC_STRINGS = NO;
				SWIFT_VERSION = 5.0;
				TARGETED_DEVICE_FAMILY = "1,2";
				TEST_HOST = "$(BUILT_PRODUCTS_DIR)/AppIos.app/$(BUNDLE_EXECUTABLE_FOLDER_PATH)/AppIos";
			};
			name = Release;
		};
		57A06F682A94235300E87C96 /* Debug */ = {
			isa = XCBuildConfiguration;
			buildSettings = {
				ALWAYS_EMBED_SWIFT_STANDARD_LIBRARIES = YES;
				CODE_SIGN_STYLE = Automatic;
				CURRENT_PROJECT_VERSION = 1;
				GENERATE_INFOPLIST_FILE = YES;
				MARKETING_VERSION = 1.0;
				PRODUCT_BUNDLE_IDENTIFIER = App.AppIosUITests;
				PRODUCT_NAME = "$(TARGET_NAME)";
				SWIFT_EMIT_LOC_STRINGS = NO;
				SWIFT_VERSION = 5.0;
				TARGETED_DEVICE_FAMILY = "1,2";
				TEST_TARGET_NAME = AppIos;
			};
			name = Debug;
		};
		57A06F692A94235300E87C96 /* Release */ = {
			isa = XCBuildConfiguration;
			buildSettings = {
				ALWAYS_EMBED_SWIFT_STANDARD_LIBRARIES = YES;
				CODE_SIGN_STYLE = Automatic;
				CURRENT_PROJECT_VERSION = 1;
				GENERATE_INFOPLIST_FILE = YES;
				MARKETING_VERSION = 1.0;
				PRODUCT_BUNDLE_IDENTIFIER = App.AppIosUITests;
				PRODUCT_NAME = "$(TARGET_NAME)";
				SWIFT_EMIT_LOC_STRINGS = NO;
				SWIFT_VERSION = 5.0;
				TARGETED_DEVICE_FAMILY = "1,2";
				TEST_TARGET_NAME = AppIos;
			};
			name = Release;
		};
/* End XCBuildConfiguration section */

/* Begin XCConfigurationList section */
		57A06F322A94235100E87C96 /* Build configuration list for PBXProject "AppIos" */ = {
			isa = XCConfigurationList;
			buildConfigurations = (
				57A06F5F2A94235300E87C96 /* Debug */,
				57A06F602A94235300E87C96 /* Release */,
			);
			defaultConfigurationIsVisible = 0;
			defaultConfigurationName = Release;
		};
		57A06F612A94235300E87C96 /* Build configuration list for PBXNativeTarget "AppIos" */ = {
			isa = XCConfigurationList;
			buildConfigurations = (
				57A06F622A94235300E87C96 /* Debug */,
				57A06F632A94235300E87C96 /* Release */,
			);
			defaultConfigurationIsVisible = 0;
			defaultConfigurationName = Release;
		};
		57A06F642A94235300E87C96 /* Build configuration list for PBXNativeTarget "AppIosTests" */ = {
			isa = XCConfigurationList;
			buildConfigurations = (
				57A06F652A94235300E87C96 /* Debug */,
				57A06F662A94235300E87C96 /* Release */,
			);
			defaultConfigurationIsVisible = 0;
			defaultConfigurationName = Release;
		};
		57A06F672A94235300E87C96 /* Build configuration list for PBXNativeTarget "AppIosUITests" */ = {
			isa = XCConfigurationList;
			buildConfigurations = (
				57A06F682A94235300E87C96 /* Debug */,
				57A06F692A94235300E87C96 /* Release */,
			);
			defaultConfigurationIsVisible = 0;
			defaultConfigurationName = Release;
		};
/* End XCConfigurationList section */
	};
	rootObject = 57A06F2F2A94235100E87C96 /* Project object */;
}
